<?xml version="1.0" encoding="utf-8"?>
<Project ToolsVersion="4.0" xmlns:atg="http://atg.xbox.com" xmlns="http://schemas.microsoft.com/developer/msbuild/2003">
  <ItemGroup>
    <Filter Include="Resource Files">
      <UniqueIdentifier>{8e114980-c1a3-4ada-ad7c-83caadf5daeb}</UniqueIdentifier>
      <Extensions>rc;ico;cur;bmp;dlg;rc2;rct;bin;rgs;gif;jpg;jpeg;jpe</Extensions>
    </Filter>
    <Filter Include="Shaders">
      <UniqueIdentifier>{2c3d4c8c-5d1a-459a-a05a-a4e4b608a44e}</UniqueIdentifier>
      <Extensions>fx;fxh;hlsl</Extensions>
    </Filter>
    <Filter Include="Headers">
      <UniqueIdentifier>{35052a70-ca18-4e62-ad8e-cb406c27782b}</UniqueIdentifier>
    </Filter>
    <Filter Include="Source Files">
      <UniqueIdentifier>{3290e93d-8f73-4821-9b5f-811409e7fb51}</UniqueIdentifier>
    </Filter>
    <Filter Include="Resource Files\Textures">
      <UniqueIdentifier>{6824f1c8-c729-44e7-95ce-f4abb6699d00}</UniqueIdentifier>
    </Filter>
  </ItemGroup>
  <ItemGroup>
    <ClInclude Include="Application.h">
      <Filter>Headers</Filter>
    </ClInclude>
    <ClInclude Include="CubeClass.h">
      <Filter>Headers</Filter>
    </ClInclude>
    <ClInclude Include="DDSTextureLoader.h">
      <Filter>Headers</Filter>
    </ClInclude>
    <ClInclude Include="Includes.h">
      <Filter>Headers</Filter>
    </ClInclude>
    <ClInclude Include="Matrix.h">
      <Filter>Headers</Filter>
    </ClInclude>
    <ClInclude Include="Terrainclass.h">
      <Filter>Headers</Filter>
    </ClInclude>
    <ClInclude Include="Vector3D.h">
      <Filter>Headers</Filter>
    </ClInclude>
    <ClInclude Include="OBJLoader.h">
      <Filter>Headers</Filter>
    </ClInclude>
    <ClInclude Include="Structures.h">
      <Filter>Headers</Filter>
    </ClInclude>
    <ClInclude Include="Camera.h">
      <Filter>Headers</Filter>
    </ClInclude>
    <ClInclude Include="GameObj.h">
      <Filter>Headers</Filter>
    </ClInclude>
    <ClInclude Include="Appearance.h">
      <Filter>Headers</Filter>
    </ClInclude>
    <ClInclude Include="Transform.h">
      <Filter>Headers</Filter>
    </ClInclude>
  </ItemGroup>
  <ItemGroup>
    <ClCompile Include="Application.cpp">
      <Filter>Source Files</Filter>
    </ClCompile>
    <ClCompile Include="DDSTextureLoader.cpp">
      <Filter>Source Files</Filter>
    </ClCompile>
    <ClCompile Include="CubeClass.cpp">
      <Filter>Source Files</Filter>
    </ClCompile>
    <ClCompile Include="DX11 Framework.cpp">
      <Filter>Source Files</Filter>
    </ClCompile>
    <ClCompile Include="Matrix.cpp">
      <Filter>Source Files</Filter>
    </ClCompile>
    <ClCompile Include="Terrainclass.cpp">
      <Filter>Source Files</Filter>
    </ClCompile>
    <ClCompile Include="Vector3D.cpp">
      <Filter>Source Files</Filter>
    </ClCompile>
    <ClCompile Include="OBJLoader.cpp">
      <Filter>Source Files</Filter>
    </ClCompile>
    <ClCompile Include="Camera.cpp">
      <Filter>Source Files</Filter>
    </ClCompile>
    <ClCompile Include="GameObj.cpp">
      <Filter>Source Files</Filter>
    </ClCompile>
    <ClCompile Include="Appearance.cpp">
      <Filter>Source Files</Filter>
    </ClCompile>
    <ClCompile Include="Transform.cpp">
      <Filter>Source Files</Filter>
    </ClCompile>
  </ItemGroup>
  <ItemGroup>
    <CLInclude Include="resource.h">
      <Filter>Resource Files</Filter>
    </CLInclude>
  </ItemGroup>
  <ItemGroup>
    <None Include="DX11 Framework.fx">
      <Filter>Shaders</Filter>
    </None>
    <None Include="ClassDiagram.cd" />
  </ItemGroup>
  <ItemGroup>
    <ResourceCompile Include="DX11 Framework.rc">
      <Filter>Resource Files</Filter>
    </ResourceCompile>
  </ItemGroup>
  <ItemGroup>
    <Image Include="Assets\Textures\asphalt.dds">
      <Filter>Resource Files\Textures</Filter>
    </Image>
    <Image Include="Assets\Textures\asphalt_DISP.dds">
      <Filter>Resource Files\Textures</Filter>
    </Image>
    <Image Include="Assets\Textures\asphalt_NORMAL.dds">
      <Filter>Resource Files\Textures</Filter>
    </Image>
    <Image Include="Assets\Textures\asphalt_SPEC.dds">
      <Filter>Resource Files\Textures</Filter>
    </Image>
    <Image Include="Assets\Textures\ChainLink.dds">
      <Filter>Resource Files\Textures</Filter>
    </Image>
    <Image Include="Assets\Textures\Crate_COLOR.dds">
      <Filter>Resource Files\Textures</Filter>
    </Image>
    <Image Include="Assets\Textures\Crate_NRM.dds">
      <Filter>Resource Files\Textures</Filter>
    </Image>
    <Image Include="Assets\Textures\Crate_SPEC.dds">
      <Filter>Resource Files\Textures</Filter>
    </Image>
  </ItemGroup>
</Project>